
Microsoft Visual Studio Solution File, Format Version 12.00
# Visual Studio Version 17
VisualStudioVersion = 17.11.35327.3
MinimumVisualStudioVersion = 10.0.40219.1
Project("{FAE04EC0-301F-11D3-BF4B-00C04F79EFBC}") = "Template Method Pattern", "Template Method Pattern\Template Method Pattern.csproj", "{A4142FCC-9C88-4B37-8A0D-F94E0F7DC058}"
EndProject
Global
	GlobalSection(SolutionConfigurationPlatforms) = preSolution
		Debug|Any CPU = Debug|Any CPU
		Release|Any CPU = Release|Any CPU
	EndGlobalSection
	GlobalSection(ProjectConfigurationPlatforms) = postSolution
		{A4142FCC-9C88-4B37-8A0D-F94E0F7DC058}.Debug|Any CPU.ActiveCfg = Debug|Any CPU
		{A4142FCC-9C88-4B37-8A0D-F94E0F7DC058}.Debug|Any CPU.Build.0 = Debug|Any CPU
		{A4142FCC-9C88-4B37-8A0D-F94E0F7DC058}.Release|Any CPU.ActiveCfg = Release|Any CPU
		{A4142FCC-9C88-4B37-8A0D-F94E0F7DC058}.Release|Any CPU.Build.0 = Release|Any CPU
	EndGlobalSection
	GlobalSection(SolutionProperties) = preSolution
		HideSolutionNode = FALSE
	EndGlobalSection
	GlobalSection(ExtensibilityGlobals) = postSolution
		SolutionGuid = {4E95CD5C-5AA9-43C8-ABB5-567D9C6E1D6B}
	EndGlobalSection
EndGlobal
